
Microsoft Visual Studio Solution File, Format Version 12.00
# Visual Studio Version 16
VisualStudioVersion = 16.0.29411.108
MinimumVisualStudioVersion = 10.0.40219.1
Project("{FAE04EC0-301F-11D3-BF4B-00C04F79EFBC}") = "VotoElecForms", "VotoElecForms\VotoElecForms.csproj", "{62255B1E-1373-4422-9DBA-62670796D2CB}"
EndProject
Project("{FAE04EC0-301F-11D3-BF4B-00C04F79EFBC}") = "VotoClass", "VotoClass\VotoClass.csproj", "{96A7904C-F84F-4082-80C3-4F13B6DEBA0D}"
EndProject
Global
	GlobalSection(SolutionConfigurationPlatforms) = preSolution
		Debug|Any CPU = Debug|Any CPU
		Release|Any CPU = Release|Any CPU
	EndGlobalSection
	GlobalSection(ProjectConfigurationPlatforms) = postSolution
		{62255B1E-1373-4422-9DBA-62670796D2CB}.Debug|Any CPU.ActiveCfg = Debug|Any CPU
		{62255B1E-1373-4422-9DBA-62670796D2CB}.Debug|Any CPU.Build.0 = Debug|Any CPU
		{62255B1E-1373-4422-9DBA-62670796D2CB}.Release|Any CPU.ActiveCfg = Release|Any CPU
		{62255B1E-1373-4422-9DBA-62670796D2CB}.Release|Any CPU.Build.0 = Release|Any CPU
		{96A7904C-F84F-4082-80C3-4F13B6DEBA0D}.Debug|Any CPU.ActiveCfg = Debug|Any CPU
		{96A7904C-F84F-4082-80C3-4F13B6DEBA0D}.Debug|Any CPU.Build.0 = Debug|Any CPU
		{96A7904C-F84F-4082-80C3-4F13B6DEBA0D}.Release|Any CPU.ActiveCfg = Release|Any CPU
		{96A7904C-F84F-4082-80C3-4F13B6DEBA0D}.Release|Any CPU.Build.0 = Release|Any CPU
	EndGlobalSection
	GlobalSection(SolutionProperties) = preSolution
		HideSolutionNode = FALSE
	EndGlobalSection
	GlobalSection(ExtensibilityGlobals) = postSolution
		SolutionGuid = {BFFB32E1-FB72-4B77-94FE-13BE03B12BED}
	EndGlobalSection
EndGlobal
